// !$*UTF8*$!
{
	archiveVersion = 1;
	classes = {
	};
	objectVersion = 46;
	objects = {

/* Begin PBXBuildFile section */
		07DCFC171F2294DB0025A140 /* AppDelegate.swift in Sources */ = {isa = PBXBuildFile; fileRef = 07DCFC161F2294DB0025A140 /* AppDelegate.swift */; };
		07DCFC191F2294DB0025A140 /* ViewController.swift in Sources */ = {isa = PBXBuildFile; fileRef = 07DCFC181F2294DB0025A140 /* ViewController.swift */; };
		07DCFC1C1F2294DB0025A140 /* Main.storyboard in Resources */ = {isa = PBXBuildFile; fileRef = 07DCFC1A1F2294DB0025A140 /* Main.storyboard */; };
		07DCFC1E1F2294DB0025A140 /* Assets.xcassets in Resources */ = {isa = PBXBuildFile; fileRef = 07DCFC1D1F2294DB0025A140 /* Assets.xcassets */; };
		07DCFC211F2294DB0025A140 /* LaunchScreen.storyboard in Resources */ = {isa = PBXBuildFile; fileRef = 07DCFC1F1F2294DB0025A140 /* LaunchScreen.storyboard */; };
		07DCFC2A1F2297650025A140 /* LoginVC.swift in Sources */ = {isa = PBXBuildFile; fileRef = 07DCFC291F2297650025A140 /* LoginVC.swift */; };
/* End PBXBuildFile section */

/* Begin PBXFileReference section */
		07DCFC131F2294DB0025A140 /* Game Buddy.app */ = {isa = PBXFileReference; explicitFileType = wrapper.application; includeInIndex = 0; path = "Game Buddy.app"; sourceTree = BUILT_PRODUCTS_DIR; };
		07DCFC161F2294DB0025A140 /* AppDelegate.swift */ = {isa = PBXFileReference; lastKnownFileType = sourcecode.swift; path = AppDelegate.swift; sourceTree = "<group>"; };
		07DCFC181F2294DB0025A140 /* ViewController.swift */ = {isa = PBXFileReference; lastKnownFileType = sourcecode.swift; path = ViewController.swift; sourceTree = "<group>"; };
		07DCFC1B1F2294DB0025A140 /* Base */ = {isa = PBXFileReference; lastKnownFileType = file.storyboard; name = Base; path = Base.lproj/Main.storyboard; sourceTree = "<group>"; };
		07DCFC1D1F2294DB0025A140 /* Assets.xcassets */ = {isa = PBXFileReference; lastKnownFileType = folder.assetcatalog; path = Assets.xcassets; sourceTree = "<group>"; };
		07DCFC201F2294DB0025A140 /* Base */ = {isa = PBXFileReference; lastKnownFileType = file.storyboard; name = Base; path = Base.lproj/LaunchScreen.storyboard; sourceTree = "<group>"; };
		07DCFC221F2294DB0025A140 /* Info.plist */ = {isa = PBXFileReference; lastKnownFileType = text.plist.xml; path = Info.plist; sourceTree = "<group>"; };
		07DCFC291F2297650025A140 /* LoginVC.swift */ = {isa = PBXFileReference; fileEncoding = 4; lastKnownFileType = sourcecode.swift; path = LoginVC.swift; sourceTree = "<group>"; };
/* End PBXFileReference section */

/* Begin PBXFrameworksBuildPhase section */
		07DCFC101F2294DB0025A140 /* Frameworks */ = {
			isa = PBXFrameworksBuildPhase;
			buildActionMask = 2147483647;
			files = (
			);
			runOnlyForDeploymentPostprocessing = 0;
		};
/* End PBXFrameworksBuildPhase section */

/* Begin PBXGroup section */
		07DCFC0A1F2294DB0025A140 = {
			isa = PBXGroup;
			children = (
				07DCFC151F2294DB0025A140 /* Game Buddy */,
				07DCFC141F2294DB0025A140 /* Products */,
			);
			sourceTree = "<group>";
		};
		07DCFC141F2294DB0025A140 /* Products */ = {
			isa = PBXGroup;
			children = (
				07DCFC131F2294DB0025A140 /* Game Buddy.app */,
			);
			name = Products;
			sourceTree = "<group>";
		};
		07DCFC151F2294DB0025A140 /* Game Buddy */ = {
			isa = PBXGroup;
			children = (
				07DCFC161F2294DB0025A140 /* AppDelegate.swift */,
				07DCFC281F2295570025A140 /* Controller */,
				07DCFC1A1F2294DB0025A140 /* Main.storyboard */,
				07DCFC1D1F2294DB0025A140 /* Assets.xcassets */,
				07DCFC1F1F2294DB0025A140 /* LaunchScreen.storyboard */,
				07DCFC221F2294DB0025A140 /* Info.plist */,
			);
			path = "Game Buddy";
			sourceTree = "<group>";
		};
		07DCFC281F2295570025A140 /* Controller */ = {
			isa = PBXGroup;
			children = (
				07DCFC181F2294DB0025A140 /* ViewController.swift */,
				07DCFC291F2297650025A140 /* LoginVC.swift */,
			);
			name = Controller;
			sourceTree = "<group>";
		};
/* End PBXGroup section */

/* Begin PBXNativeTarget section */
		07DCFC121F2294DB0025A140 /* Game Buddy */ = {
			isa = PBXNativeTarget;
			buildConfigurationList = 07DCFC251F2294DB0025A140 /* Build configuration list for PBXNativeTarget "Game Buddy" */;
			buildPhases = (
				07DCFC0F1F2294DB0025A140 /* Sources */,
				07DCFC101F2294DB0025A140 /* Frameworks */,
				07DCFC111F2294DB0025A140 /* Resources */,
			);
			buildRules = (
			);
			dependencies = (
			);
			name = "Game Buddy";
			productName = "Game Buddy";
			productReference = 07DCFC131F2294DB0025A140 /* Game Buddy.app */;
			productType = "com.apple.product-type.application";
		};
/* End PBXNativeTarget section */

/* Begin PBXProject section */
		07DCFC0B1F2294DB0025A140 /* Project object */ = {
			isa = PBXProject;
			attributes = {
				LastSwiftUpdateCheck = 0830;
				LastUpgradeCheck = 0830;
				ORGANIZATIONNAME = "Carlos da Costa";
				TargetAttributes = {
					07DCFC121F2294DB0025A140 = {
						CreatedOnToolsVersion = 8.3.3;
						DevelopmentTeam = 7E5397F394;
						ProvisioningStyle = Automatic;
					};
				};
			};
			buildConfigurationList = 07DCFC0E1F2294DB0025A140 /* Build configuration list for PBXProject "Game Buddy" */;
			compatibilityVersion = "Xcode 3.2";
			developmentRegion = English;
			hasScannedForEncodings = 0;
			knownRegions = (
				en,
				Base,
			);
			mainGroup = 07DCFC0A1F2294DB0025A140;
			productRefGroup = 07DCFC141F2294DB0025A140 /* Products */;
			projectDirPath = "";
			projectRoot = "";
			targets = (
				07DCFC121F2294DB0025A140 /* Game Buddy */,
			);
		};
/* End PBXProject section */

/* Begin PBXResourcesBuildPhase section */
		07DCFC111F2294DB0025A140 /* Resources */ = {
			isa = PBXResourcesBuildPhase;
			buildActionMask = 2147483647;
			files = (
				07DCFC211F2294DB0025A140 /* LaunchScreen.storyboard in Resources */,
				07DCFC1E1F2294DB0025A140 /* Assets.xcassets in Resources */,
				07DCFC1C1F2294DB0025A140 /* Main.storyboard in Resources */,
			);
			runOnlyForDeploymentPostprocessing = 0;
		};
/* End PBXResourcesBuildPhase section */

/* Begin PBXSourcesBuildPhase section */
		07DCFC0F1F2294DB0025A140 /* Sources */ = {
			isa = PBXSourcesBuildPhase;
			buildActionMask = 2147483647;
			files = (
				07DCFC191F2294DB0025A140 /* ViewController.swift in Sources */,
				07DCFC171F2294DB0025A140 /* AppDelegate.swift in Sources */,
				07DCFC2A1F2297650025A140 /* LoginVC.swift in Sources */,
			);
			runOnlyForDeploymentPostprocessing = 0;
		};
/* End PBXSourcesBuildPhase section */

/* Begin PBXVariantGroup section */
		07DCFC1A1F2294DB0025A140 /* Main.storyboard */ = {
			isa = PBXVariantGroup;
			children = (
				07DCFC1B1F2294DB0025A140 /* Base */,
			);
			name = Main.storyboard;
			sourceTree = "<group>";
		};
		07DCFC1F1F2294DB0025A140 /* LaunchScreen.storyboard */ = {
			isa = PBXVariantGroup;
			children = (
				07DCFC201F2294DB0025A140 /* Base */,
			);
			name = LaunchScreen.storyboard;
			sourceTree = "<group>";
		};
/* End PBXVariantGroup section */

/* Begin XCBuildConfiguration section */
		07DCFC231F2294DB0025A140 /* Debug */ = {
			isa = XCBuildConfiguration;
			buildSettings = {
				ALWAYS_SEARCH_USER_PATHS = NO;
				CLANG_ANALYZER_NONNULL = YES;
				CLANG_ANALYZER_NUMBER_OBJECT_CONVERSION = YES_AGGRESSIVE;
				CLANG_CXX_LANGUAGE_STANDARD = "gnu++0x";
				CLANG_CXX_LIBRARY = "libc++";
				CLANG_ENABLE_MODULES = YES;
				CLANG_ENABLE_OBJC_ARC = YES;
				CLANG_WARN_BOOL_CONVERSION = YES;
				CLANG_WARN_CONSTANT_CONVERSION = YES;
				CLANG_WARN_DIRECT_OBJC_ISA_USAGE = YES_ERROR;
				CLANG_WARN_DOCUMENTATION_COMMENTS = YES;
				CLANG_WARN_EMPTY_BODY = YES;
				CLANG_WARN_ENUM_CONVERSION = YES;
				CLANG_WARN_INFINITE_RECURSION = YES;
				CLANG_WARN_INT_CONVERSION = YES;
				CLANG_WARN_OBJC_ROOT_CLASS = YES_ERROR;
				CLANG_WARN_SUSPICIOUS_MOVE = YES;
				CLANG_WARN_UNREACHABLE_CODE = YES;
				CLANG_WARN__DUPLICATE_METHOD_MATCH = YES;
				"CODE_SIGN_IDENTITY[sdk=iphoneos*]" = "iPhone Developer";
				COPY_PHASE_STRIP = NO;
				DEBUG_INFORMATION_FORMAT = dwarf;
				ENABLE_STRICT_OBJC_MSGSEND = YES;
				ENABLE_TESTABILITY = YES;
				GCC_C_LANGUAGE_STANDARD = gnu99;
				GCC_DYNAMIC_NO_PIC = NO;
				GCC_NO_COMMON_BLOCKS = YES;
				GCC_OPTIMIZATION_LEVEL = 0;
				GCC_PREPROCESSOR_DEFINITIONS = (
					"DEBUG=1",
					"$(inherited)",
				);
				GCC_WARN_64_TO_32_BIT_CONVERSION = YES;
				GCC_WARN_ABOUT_RETURN_TYPE = YES_ERROR;
				GCC_WARN_UNDECLARED_SELECTOR = YES;
				GCC_WARN_UNINITIALIZED_AUTOS = YES_AGGRESSIVE;
				GCC_WARN_UNUSED_FUNCTION = YES;
				GCC_WARN_UNUSED_VARIABLE = YES;
				IPHONEOS_DEPLOYMENT_TARGET = 10.3;
				MTL_ENABLE_DEBUG_INFO = YES;
				ONLY_ACTIVE_ARCH = YES;
				SDKROOT = iphoneos;
				SWIFT_ACTIVE_COMPILATION_CONDITIONS = DEBUG;
				SWIFT_OPTIMIZATION_LEVEL = "-Onone";
				TARGETED_DEVICE_FAMILY = "1,2";
			};
			name = Debug;
		};
		07DCFC241F2294DB0025A140 /* Release */ = {
			isa = XCBuildConfiguration;
			buildSettings = {
				ALWAYS_SEARCH_USER_PATHS = NO;
				CLANG_ANALYZER_NONNULL = YES;
				CLANG_ANALYZER_NUMBER_OBJECT_CONVERSION = YES_AGGRESSIVE;
				CLANG_CXX_LANGUAGE_STANDARD = "gnu++0x";
				CLANG_CXX_LIBRARY = "libc++";
				CLANG_ENABLE_MODULES = YES;
				CLANG_ENABLE_OBJC_ARC = YES;
				CLANG_WARN_BOOL_CONVERSION = YES;
				CLANG_WARN_CONSTANT_CONVERSION = YES;
				CLANG_WARN_DIRECT_OBJC_ISA_USAGE = YES_ERROR;
				CLANG_WARN_DOCUMENTATION_COMMENTS = YES;
				CLANG_WARN_EMPTY_BODY = YES;
				CLANG_WARN_ENUM_CONVERSION = YES;
				CLANG_WARN_INFINITE_RECURSION = YES;
				CLANG_WARN_INT_CONVERSION = YES;
				CLANG_WARN_OBJC_ROOT_CLASS = YES_ERROR;
				CLANG_WARN_SUSPICIOUS_MOVE = YES;
				CLANG_WARN_UNREACHABLE_CODE = YES;
				CLANG_WARN__DUPLICATE_METHOD_MATCH = YES;
				"CODE_SIGN_IDENTITY[sdk=iphoneos*]" = "iPhone Developer";
				COPY_PHASE_STRIP = NO;
				DEBUG_INFORMATION_FORMAT = "dwarf-with-dsym";
				ENABLE_NS_ASSERTIONS = NO;
				ENABLE_STRICT_OBJC_MSGSEND = YES;
				GCC_C_LANGUAGE_STANDARD = gnu99;
				GCC_NO_COMMON_BLOCKS = YES;
				GCC_WARN_64_TO_32_BIT_CONVERSION = YES;
				GCC_WARN_ABOUT_RETURN_TYPE = YES_ERROR;
				GCC_WARN_UNDECLARED_SELECTOR = YES;
				GCC_WARN_UNINITIALIZED_AUTOS = YES_AGGRESSIVE;
				GCC_WARN_UNUSED_FUNCTION = YES;
				GCC_WARN_UNUSED_VARIABLE = YES;
				IPHONEOS_DEPLOYMENT_TARGET = 10.3;
				MTL_ENABLE_DEBUG_INFO = NO;
				SDKROOT = iphoneos;
				SWIFT_OPTIMIZATION_LEVEL = "-Owholemodule";
				TARGETED_DEVICE_FAMILY = "1,2";
				VALIDATE_PRODUCT = YES;
			};
			name = Release;
		};
		07DCFC261F2294DB0025A140 /* Debug */ = {
			isa = XCBuildConfiguration;
			buildSettings = {
				ASSETCATALOG_COMPILER_APPICON_NAME = AppIcon;
				DEVELOPMENT_TEAM = 7E5397F394;
				INFOPLIST_FILE = "Game Buddy/Info.plist";
				LD_RUNPATH_SEARCH_PATHS = "$(inherited) @executable_path/Frameworks";
				PRODUCT_BUNDLE_IDENTIFIER = "ca.costa.Game-Buddy";
				PRODUCT_NAME = "$(TARGET_NAME)";
				SWIFT_VERSION = 3.0;
			};
			name = Debug;
		};
		07DCFC271F2294DB0025A140 /* Release */ = {
			isa = XCBuildConfiguration;
			buildSettings = {
				ASSETCATALOG_COMPILER_APPICON_NAME = AppIcon;
				DEVELOPMENT_TEAM = 7E5397F394;
				INFOPLIST_FILE = "Game Buddy/Info.plist";
				LD_RUNPATH_SEARCH_PATHS = "$(inherited) @executable_path/Frameworks";
				PRODUCT_BUNDLE_IDENTIFIER = "ca.costa.Game-Buddy";
				PRODUCT_NAME = "$(TARGET_NAME)";
				SWIFT_VERSION = 3.0;
			};
			name = Release;
		};
/* End XCBuildConfiguration section */

/* Begin XCConfigurationList section */
		07DCFC0E1F2294DB0025A140 /* Build configuration list for PBXProject "Game Buddy" */ = {
			isa = XCConfigurationList;
			buildConfigurations = (
				07DCFC231F2294DB0025A140 /* Debug */,
				07DCFC241F2294DB0025A140 /* Release */,
			);
			defaultConfigurationIsVisible = 0;
			defaultConfigurationName = Release;
		};
		07DCFC251F2294DB0025A140 /* Build configuration list for PBXNativeTarget "Game Buddy" */ = {
			isa = XCConfigurationList;
			buildConfigurations = (
				07DCFC261F2294DB0025A140 /* Debug */,
				07DCFC271F2294DB0025A140 /* Release */,
			);
			defaultConfigurationIsVisible = 0;
		};
/* End XCConfigurationList section */
	};
	rootObject = 07DCFC0B1F2294DB0025A140 /* Project object */;
}
